
Microsoft Visual Studio Solution File, Format Version 11.00
# Visual Studio 2010
Project("{F184B08F-C81C-45F6-A57F-5ABD9991F28F}") = "Task2", "Task2.vbproj", "{75009F8C-AD9B-444F-9BCC-01691CB00BA2}"
EndProject
Project("{F184B08F-C81C-45F6-A57F-5ABD9991F28F}") = "Task2Test", "Task2Test\Task2Test.vbproj", "{5B09B46D-F834-4A4C-82BC-718148E0629F}"
EndProject
Project("{2150E333-8FDC-42A3-9474-1A3956D46DE8}") = "Solution Items", "Solution Items", "{1362A5E1-2149-4D9B-881B-83B978A5B002}"
	ProjectSection(SolutionItems) = preProject
		Local.testsettings = Local.testsettings
		Task2.vsmdi = Task2.vsmdi
		TraceAndTestImpact.testsettings = TraceAndTestImpact.testsettings
	EndProjectSection
EndProject
Global
	GlobalSection(TestCaseManagementSettings) = postSolution
		CategoryFile = Task2.vsmdi
	EndGlobalSection
	GlobalSection(SolutionConfigurationPlatforms) = preSolution
		Debug|Any CPU = Debug|Any CPU
		Debug|Mixed Platforms = Debug|Mixed Platforms
		Debug|x86 = Debug|x86
		Release|Any CPU = Release|Any CPU
		Release|Mixed Platforms = Release|Mixed Platforms
		Release|x86 = Release|x86
	EndGlobalSection
	GlobalSection(ProjectConfigurationPlatforms) = postSolution
		{75009F8C-AD9B-444F-9BCC-01691CB00BA2}.Debug|Any CPU.ActiveCfg = Debug|x86
		{75009F8C-AD9B-444F-9BCC-01691CB00BA2}.Debug|Mixed Platforms.ActiveCfg = Debug|x86
		{75009F8C-AD9B-444F-9BCC-01691CB00BA2}.Debug|Mixed Platforms.Build.0 = Debug|x86
		{75009F8C-AD9B-444F-9BCC-01691CB00BA2}.Debug|x86.ActiveCfg = Debug|x86
		{75009F8C-AD9B-444F-9BCC-01691CB00BA2}.Debug|x86.Build.0 = Debug|x86
		{75009F8C-AD9B-444F-9BCC-01691CB00BA2}.Release|Any CPU.ActiveCfg = Release|x86
		{75009F8C-AD9B-444F-9BCC-01691CB00BA2}.Release|Mixed Platforms.ActiveCfg = Release|x86
		{75009F8C-AD9B-444F-9BCC-01691CB00BA2}.Release|Mixed Platforms.Build.0 = Release|x86
		{75009F8C-AD9B-444F-9BCC-01691CB00BA2}.Release|x86.ActiveCfg = Release|x86
		{75009F8C-AD9B-444F-9BCC-01691CB00BA2}.Release|x86.Build.0 = Release|x86
		{5B09B46D-F834-4A4C-82BC-718148E0629F}.Debug|Any CPU.ActiveCfg = Debug|Any CPU
		{5B09B46D-F834-4A4C-82BC-718148E0629F}.Debug|Any CPU.Build.0 = Debug|Any CPU
		{5B09B46D-F834-4A4C-82BC-718148E0629F}.Debug|Mixed Platforms.ActiveCfg = Debug|Any CPU
		{5B09B46D-F834-4A4C-82BC-718148E0629F}.Debug|Mixed Platforms.Build.0 = Debug|Any CPU
		{5B09B46D-F834-4A4C-82BC-718148E0629F}.Debug|x86.ActiveCfg = Debug|Any CPU
		{5B09B46D-F834-4A4C-82BC-718148E0629F}.Release|Any CPU.ActiveCfg = Release|Any CPU
		{5B09B46D-F834-4A4C-82BC-718148E0629F}.Release|Any CPU.Build.0 = Release|Any CPU
		{5B09B46D-F834-4A4C-82BC-718148E0629F}.Release|Mixed Platforms.ActiveCfg = Release|Any CPU
		{5B09B46D-F834-4A4C-82BC-718148E0629F}.Release|Mixed Platforms.Build.0 = Release|Any CPU
		{5B09B46D-F834-4A4C-82BC-718148E0629F}.Release|x86.ActiveCfg = Release|Any CPU
	EndGlobalSection
	GlobalSection(SolutionProperties) = preSolution
		HideSolutionNode = FALSE
	EndGlobalSection
EndGlobal
